
Microsoft Visual Studio Solution File, Format Version 12.00
# Visual Studio Version 17
VisualStudioVersion = 17.7.34024.191
MinimumVisualStudioVersion = 10.0.40219.1
Project("{FAE04EC0-301F-11D3-BF4B-00C04F79EFBC}") = "simple calcul", "simple calcul\simple calcul.csproj", "{860949C8-DBD1-44AE-B472-FA920293FE8F}"
EndProject
Global
	GlobalSection(SolutionConfigurationPlatforms) = preSolution
		Debug|Any CPU = Debug|Any CPU
		Release|Any CPU = Release|Any CPU
	EndGlobalSection
	GlobalSection(ProjectConfigurationPlatforms) = postSolution
		{860949C8-DBD1-44AE-B472-FA920293FE8F}.Debug|Any CPU.ActiveCfg = Debug|Any CPU
		{860949C8-DBD1-44AE-B472-FA920293FE8F}.Debug|Any CPU.Build.0 = Debug|Any CPU
		{860949C8-DBD1-44AE-B472-FA920293FE8F}.Release|Any CPU.ActiveCfg = Release|Any CPU
		{860949C8-DBD1-44AE-B472-FA920293FE8F}.Release|Any CPU.Build.0 = Release|Any CPU
	EndGlobalSection
	GlobalSection(SolutionProperties) = preSolution
		HideSolutionNode = FALSE
	EndGlobalSection
	GlobalSection(ExtensibilityGlobals) = postSolution
		SolutionGuid = {60BFF7C2-26EB-4712-80E0-006390B65A70}
	EndGlobalSection
EndGlobal
